
Microsoft Visual Studio Solution File, Format Version 12.00
Project("{FAE04EC0-301F-11D3-BF4B-00C04F79EFBC}") = "Services", "Services\Services.csproj", "{0B012D87-BE8C-4A07-A7CA-00FA3E0AB1A4}"
EndProject
Project("{FAE04EC0-301F-11D3-BF4B-00C04F79EFBC}") = "Presentation", "Presentation\Presentation.csproj", "{8E8DF77C-0989-4CFC-A7FD-0F43B2ABCDF9}"
EndProject
Project("{FAE04EC0-301F-11D3-BF4B-00C04F79EFBC}") = "Infrastructure", "Infrastructure\Infrastructure.csproj", "{B7A4F6AB-E8B2-4972-BB3A-B06A7D1BE3F3}"
EndProject
Project("{FAE04EC0-301F-11D3-BF4B-00C04F79EFBC}") = "Domain", "Domain\Domain.csproj", "{A8F3CCED-421B-4B89-8F6F-4EF393362584}"
EndProject
Global
	GlobalSection(SolutionConfigurationPlatforms) = preSolution
		Debug|Any CPU = Debug|Any CPU
		Release|Any CPU = Release|Any CPU
	EndGlobalSection
	GlobalSection(ProjectConfigurationPlatforms) = postSolution
		{0B012D87-BE8C-4A07-A7CA-00FA3E0AB1A4}.Debug|Any CPU.ActiveCfg = Debug|Any CPU
		{0B012D87-BE8C-4A07-A7CA-00FA3E0AB1A4}.Debug|Any CPU.Build.0 = Debug|Any CPU
		{0B012D87-BE8C-4A07-A7CA-00FA3E0AB1A4}.Release|Any CPU.ActiveCfg = Release|Any CPU
		{0B012D87-BE8C-4A07-A7CA-00FA3E0AB1A4}.Release|Any CPU.Build.0 = Release|Any CPU
		{8E8DF77C-0989-4CFC-A7FD-0F43B2ABCDF9}.Debug|Any CPU.ActiveCfg = Debug|Any CPU
		{8E8DF77C-0989-4CFC-A7FD-0F43B2ABCDF9}.Debug|Any CPU.Build.0 = Debug|Any CPU
		{8E8DF77C-0989-4CFC-A7FD-0F43B2ABCDF9}.Release|Any CPU.ActiveCfg = Release|Any CPU
		{8E8DF77C-0989-4CFC-A7FD-0F43B2ABCDF9}.Release|Any CPU.Build.0 = Release|Any CPU
		{B7A4F6AB-E8B2-4972-BB3A-B06A7D1BE3F3}.Debug|Any CPU.ActiveCfg = Debug|Any CPU
		{B7A4F6AB-E8B2-4972-BB3A-B06A7D1BE3F3}.Debug|Any CPU.Build.0 = Debug|Any CPU
		{B7A4F6AB-E8B2-4972-BB3A-B06A7D1BE3F3}.Release|Any CPU.ActiveCfg = Release|Any CPU
		{B7A4F6AB-E8B2-4972-BB3A-B06A7D1BE3F3}.Release|Any CPU.Build.0 = Release|Any CPU
		{A8F3CCED-421B-4B89-8F6F-4EF393362584}.Debug|Any CPU.ActiveCfg = Debug|Any CPU
		{A8F3CCED-421B-4B89-8F6F-4EF393362584}.Debug|Any CPU.Build.0 = Debug|Any CPU
		{A8F3CCED-421B-4B89-8F6F-4EF393362584}.Release|Any CPU.ActiveCfg = Release|Any CPU
		{A8F3CCED-421B-4B89-8F6F-4EF393362584}.Release|Any CPU.Build.0 = Release|Any CPU
	EndGlobalSection
EndGlobal
